
Microsoft Visual Studio Solution File, Format Version 12.00
# Visual Studio Version 17
VisualStudioVersion = 17.14.36408.4 d17.14
MinimumVisualStudioVersion = 10.0.40219.1
Project("{FAE04EC0-301F-11D3-BF4B-00C04F79EFBC}") = "TareaTW", "TareaTW\TareaTW.csproj", "{0F9E1DDA-EA20-4A89-868C-5A07052280FE}"
EndProject
Global
	GlobalSection(SolutionConfigurationPlatforms) = preSolution
		Debug|Any CPU = Debug|Any CPU
		Release|Any CPU = Release|Any CPU
	EndGlobalSection
	GlobalSection(ProjectConfigurationPlatforms) = postSolution
		{0F9E1DDA-EA20-4A89-868C-5A07052280FE}.Debug|Any CPU.ActiveCfg = Debug|Any CPU
		{0F9E1DDA-EA20-4A89-868C-5A07052280FE}.Debug|Any CPU.Build.0 = Debug|Any CPU
		{0F9E1DDA-EA20-4A89-868C-5A07052280FE}.Release|Any CPU.ActiveCfg = Release|Any CPU
		{0F9E1DDA-EA20-4A89-868C-5A07052280FE}.Release|Any CPU.Build.0 = Release|Any CPU
	EndGlobalSection
	GlobalSection(SolutionProperties) = preSolution
		HideSolutionNode = FALSE
	EndGlobalSection
	GlobalSection(ExtensibilityGlobals) = postSolution
		SolutionGuid = {896494FD-C892-47D5-869E-DB9A91983AFC}
	EndGlobalSection
EndGlobal
